<Solution>
  <Folder Name="/src/">
    <Project Path="src/MjmCleaner.App/MjmCleaner.App.csproj" />
    <Project Path="src/MjmCleaner.Core/MjmCleaner.Core.csproj" />
  </Folder>
  <Folder Name="/tests/">
    <Project Path="tests/MjmCleaner.App.Tests/MjmCleaner.App.Tests.csproj" />
    <Project Path="tests/MjmCleaner.Core.Tests/MjmCleaner.Core.Tests.csproj" />
  </Folder>
</Solution>
